
Microsoft Visual Studio Solution File, Format Version 12.00
# Visual Studio 2012
Project("{FAE04EC0-301F-11D3-BF4B-00C04F79EFBC}") = "SourceConsole", "SourceConsole.csproj", "{335063C5-C4DE-4196-8957-EDF53F381C8B}"
EndProject
Project("{FAE04EC0-301F-11D3-BF4B-00C04F79EFBC}") = "MobileBonsai", "..\MobileBonsai\MobileBonsai.csproj", "{32472C29-1D51-497A-B0EF-959DB4BF114C}"
EndProject
Global
	GlobalSection(SolutionConfigurationPlatforms) = preSolution
		Debug|iPhoneSimulator = Debug|iPhoneSimulator
		Release|iPhoneSimulator = Release|iPhoneSimulator
		Release|iPhone = Release|iPhone
		Debug|iPhone = Debug|iPhone
	EndGlobalSection
	GlobalSection(ProjectConfigurationPlatforms) = postSolution
		{335063C5-C4DE-4196-8957-EDF53F381C8B}.Debug|iPhoneSimulator.ActiveCfg = Debug|iPhoneSimulator
		{335063C5-C4DE-4196-8957-EDF53F381C8B}.Debug|iPhoneSimulator.Build.0 = Debug|iPhoneSimulator
		{335063C5-C4DE-4196-8957-EDF53F381C8B}.Release|iPhoneSimulator.ActiveCfg = Release|iPhoneSimulator
		{335063C5-C4DE-4196-8957-EDF53F381C8B}.Release|iPhoneSimulator.Build.0 = Release|iPhoneSimulator
		{335063C5-C4DE-4196-8957-EDF53F381C8B}.Release|iPhone.ActiveCfg = Release|iPhoneSimulator
		{335063C5-C4DE-4196-8957-EDF53F381C8B}.Release|iPhone.Build.0 = Release|iPhoneSimulator
		{335063C5-C4DE-4196-8957-EDF53F381C8B}.Debug|iPhone.ActiveCfg = Debug|iPhoneSimulator
		{335063C5-C4DE-4196-8957-EDF53F381C8B}.Debug|iPhone.Build.0 = Debug|iPhoneSimulator
		{32472C29-1D51-497A-B0EF-959DB4BF114C}.Debug|iPhoneSimulator.ActiveCfg = Debug|Any CPU
		{32472C29-1D51-497A-B0EF-959DB4BF114C}.Debug|iPhoneSimulator.Build.0 = Debug|Any CPU
		{32472C29-1D51-497A-B0EF-959DB4BF114C}.Release|iPhoneSimulator.ActiveCfg = Release|Any CPU
		{32472C29-1D51-497A-B0EF-959DB4BF114C}.Release|iPhoneSimulator.Build.0 = Release|Any CPU
		{32472C29-1D51-497A-B0EF-959DB4BF114C}.Release|iPhone.ActiveCfg = Release|Any CPU
		{32472C29-1D51-497A-B0EF-959DB4BF114C}.Release|iPhone.Build.0 = Release|Any CPU
		{32472C29-1D51-497A-B0EF-959DB4BF114C}.Debug|iPhone.ActiveCfg = Debug|Any CPU
		{32472C29-1D51-497A-B0EF-959DB4BF114C}.Debug|iPhone.Build.0 = Debug|Any CPU
	EndGlobalSection
EndGlobal
