
Microsoft Visual Studio Solution File, Format Version 12.00
# Visual Studio 2012
Project("{FAE04EC0-301F-11D3-BF4B-00C04F79EFBC}") = "SourceConsole", "SourceConsole.csproj", "{335063C5-C4DE-4196-8957-EDF53F381C8B}"
EndProject
Project("{FAE04EC0-301F-11D3-BF4B-00C04F79EFBC}") = "MobileBonsai", "..\MobileBonsai\MobileBonsai.csproj", "{32472C29-1D51-497A-B0EF-959DB4BF114C}"
EndProject
Project("{D954291E-2A0B-460D-934E-DC6B0785DB48}") = "CVBonsai", "..\CVBonsai\CVBonsai\CVBonsai.shproj", "{56EF4193-35EE-4BA2-8EBA-1B05D4D16632}"
EndProject
Project("{FAE04EC0-301F-11D3-BF4B-00C04F79EFBC}") = "CVBonsai.Droid", "..\CVBonsai\Droid\CVBonsai.Droid.csproj", "{E3F85BD5-43CF-414F-9EE8-866D2E4A6E54}"
EndProject
Project("{FAE04EC0-301F-11D3-BF4B-00C04F79EFBC}") = "CVBonsai.iOS", "..\CVBonsai\iOS\CVBonsai.iOS.csproj", "{A5124BF4-1B59-4C53-880C-A9F55ED93A64}"
EndProject
Global
	GlobalSection(SolutionConfigurationPlatforms) = preSolution
		Debug|iPhoneSimulator = Debug|iPhoneSimulator
		Release|iPhoneSimulator = Release|iPhoneSimulator
		Release|iPhone = Release|iPhone
		Debug|iPhone = Debug|iPhone
	EndGlobalSection
	GlobalSection(ProjectConfigurationPlatforms) = postSolution
		{335063C5-C4DE-4196-8957-EDF53F381C8B}.Debug|iPhoneSimulator.ActiveCfg = Debug|iPhoneSimulator
		{335063C5-C4DE-4196-8957-EDF53F381C8B}.Debug|iPhoneSimulator.Build.0 = Debug|iPhoneSimulator
		{335063C5-C4DE-4196-8957-EDF53F381C8B}.Release|iPhoneSimulator.ActiveCfg = Release|iPhoneSimulator
		{335063C5-C4DE-4196-8957-EDF53F381C8B}.Release|iPhoneSimulator.Build.0 = Release|iPhoneSimulator
		{335063C5-C4DE-4196-8957-EDF53F381C8B}.Release|iPhone.ActiveCfg = Release|iPhoneSimulator
		{335063C5-C4DE-4196-8957-EDF53F381C8B}.Release|iPhone.Build.0 = Release|iPhoneSimulator
		{335063C5-C4DE-4196-8957-EDF53F381C8B}.Debug|iPhone.ActiveCfg = Debug|iPhoneSimulator
		{335063C5-C4DE-4196-8957-EDF53F381C8B}.Debug|iPhone.Build.0 = Debug|iPhoneSimulator
		{32472C29-1D51-497A-B0EF-959DB4BF114C}.Debug|iPhoneSimulator.ActiveCfg = Debug|Any CPU
		{32472C29-1D51-497A-B0EF-959DB4BF114C}.Debug|iPhoneSimulator.Build.0 = Debug|Any CPU
		{32472C29-1D51-497A-B0EF-959DB4BF114C}.Release|iPhoneSimulator.ActiveCfg = Release|Any CPU
		{32472C29-1D51-497A-B0EF-959DB4BF114C}.Release|iPhoneSimulator.Build.0 = Release|Any CPU
		{32472C29-1D51-497A-B0EF-959DB4BF114C}.Release|iPhone.ActiveCfg = Release|Any CPU
		{32472C29-1D51-497A-B0EF-959DB4BF114C}.Release|iPhone.Build.0 = Release|Any CPU
		{32472C29-1D51-497A-B0EF-959DB4BF114C}.Debug|iPhone.ActiveCfg = Debug|Any CPU
		{32472C29-1D51-497A-B0EF-959DB4BF114C}.Debug|iPhone.Build.0 = Debug|Any CPU
		{E3F85BD5-43CF-414F-9EE8-866D2E4A6E54}.Debug|iPhoneSimulator.ActiveCfg = Debug|Any CPU
		{E3F85BD5-43CF-414F-9EE8-866D2E4A6E54}.Debug|iPhoneSimulator.Build.0 = Debug|Any CPU
		{E3F85BD5-43CF-414F-9EE8-866D2E4A6E54}.Release|iPhoneSimulator.ActiveCfg = Release|Any CPU
		{E3F85BD5-43CF-414F-9EE8-866D2E4A6E54}.Release|iPhoneSimulator.Build.0 = Release|Any CPU
		{E3F85BD5-43CF-414F-9EE8-866D2E4A6E54}.Release|iPhone.ActiveCfg = Release|Any CPU
		{E3F85BD5-43CF-414F-9EE8-866D2E4A6E54}.Release|iPhone.Build.0 = Release|Any CPU
		{E3F85BD5-43CF-414F-9EE8-866D2E4A6E54}.Debug|iPhone.ActiveCfg = Debug|Any CPU
		{E3F85BD5-43CF-414F-9EE8-866D2E4A6E54}.Debug|iPhone.Build.0 = Debug|Any CPU
		{A5124BF4-1B59-4C53-880C-A9F55ED93A64}.Debug|iPhoneSimulator.ActiveCfg = Debug|iPhoneSimulator
		{A5124BF4-1B59-4C53-880C-A9F55ED93A64}.Debug|iPhoneSimulator.Build.0 = Debug|iPhoneSimulator
		{A5124BF4-1B59-4C53-880C-A9F55ED93A64}.Release|iPhoneSimulator.ActiveCfg = Release|iPhoneSimulator
		{A5124BF4-1B59-4C53-880C-A9F55ED93A64}.Release|iPhoneSimulator.Build.0 = Release|iPhoneSimulator
		{A5124BF4-1B59-4C53-880C-A9F55ED93A64}.Release|iPhone.ActiveCfg = Release|iPhone
		{A5124BF4-1B59-4C53-880C-A9F55ED93A64}.Release|iPhone.Build.0 = Release|iPhone
		{A5124BF4-1B59-4C53-880C-A9F55ED93A64}.Debug|iPhone.ActiveCfg = Debug|iPhone
		{A5124BF4-1B59-4C53-880C-A9F55ED93A64}.Debug|iPhone.Build.0 = Debug|iPhone
	EndGlobalSection
EndGlobal
